
Microsoft Visual Studio Solution File, Format Version 12.00
# Visual Studio 15
VisualStudioVersion = 15.0.28010.2048
MinimumVisualStudioVersion = 10.0.40219.1
Project("{FAE04EC0-301F-11D3-BF4B-00C04F79EFBC}") = "RTS_LR1", "RTS_LR1\RTS_LR1.csproj", "{8F33A038-C4CD-4104-B46A-E1857BDFD47D}"
EndProject
Global
	GlobalSection(SolutionConfigurationPlatforms) = preSolution
		Debug|Any CPU = Debug|Any CPU
		Release|Any CPU = Release|Any CPU
	EndGlobalSection
	GlobalSection(ProjectConfigurationPlatforms) = postSolution
		{8F33A038-C4CD-4104-B46A-E1857BDFD47D}.Debug|Any CPU.ActiveCfg = Debug|Any CPU
		{8F33A038-C4CD-4104-B46A-E1857BDFD47D}.Debug|Any CPU.Build.0 = Debug|Any CPU
		{8F33A038-C4CD-4104-B46A-E1857BDFD47D}.Release|Any CPU.ActiveCfg = Release|Any CPU
		{8F33A038-C4CD-4104-B46A-E1857BDFD47D}.Release|Any CPU.Build.0 = Release|Any CPU
	EndGlobalSection
	GlobalSection(SolutionProperties) = preSolution
		HideSolutionNode = FALSE
	EndGlobalSection
	GlobalSection(ExtensibilityGlobals) = postSolution
		SolutionGuid = {D0D496EB-575A-476A-8098-0132CC010773}
	EndGlobalSection
EndGlobal
